packages:
  - name: dbt_utils
    package: dbt-labs/dbt_utils
    version: 1.3.3
  - name: audit_helper
    package: dbt-labs/audit_helper
    version: 0.14.0
  - name: dbt_expectations
    package: calogica/dbt_expectations
    version: 0.10.4
  - name: dbt_date
    package: calogica/dbt_date
    version: 0.10.1
  - name: dbt_project_evaluator
    package: dbt-labs/dbt_project_evaluator
    version: 0.14.3
sha1_hash: c461b9f75d10a6dc6fe192aa99dd37cbe7662555
